
Microsoft Visual Studio Solution File, Format Version 12.00
# Visual Studio Version 17
VisualStudioVersion = 17.11.35222.181
MinimumVisualStudioVersion = 10.0.40219.1
Project("{8BC9CEB8-8B4A-11D0-8D11-00A0C91BC942}") = "BD_YATP", "BD_YATP.vcxproj", "{182C95D7-0157-468B-A6D6-45B29B9C140C}"
EndProject
Global
	GlobalSection(SolutionConfigurationPlatforms) = preSolution
		Debug|x64 = Debug|x64
		Debug|x86 = Debug|x86
		Release|x64 = Release|x64
		Release|x86 = Release|x86
	EndGlobalSection
	GlobalSection(ProjectConfigurationPlatforms) = postSolution
		{182C95D7-0157-468B-A6D6-45B29B9C140C}.Debug|x64.ActiveCfg = Debug|x64
		{182C95D7-0157-468B-A6D6-45B29B9C140C}.Debug|x64.Build.0 = Debug|x64
		{182C95D7-0157-468B-A6D6-45B29B9C140C}.Debug|x86.ActiveCfg = Debug|Win32
		{182C95D7-0157-468B-A6D6-45B29B9C140C}.Debug|x86.Build.0 = Debug|Win32
		{182C95D7-0157-468B-A6D6-45B29B9C140C}.Release|x64.ActiveCfg = Release|x64
		{182C95D7-0157-468B-A6D6-45B29B9C140C}.Release|x64.Build.0 = Release|x64
		{182C95D7-0157-468B-A6D6-45B29B9C140C}.Release|x86.ActiveCfg = Release|Win32
		{182C95D7-0157-468B-A6D6-45B29B9C140C}.Release|x86.Build.0 = Release|Win32
	EndGlobalSection
	GlobalSection(SolutionProperties) = preSolution
		HideSolutionNode = FALSE
	EndGlobalSection
	GlobalSection(ExtensibilityGlobals) = postSolution
		SolutionGuid = {A96EA292-71AD-4F7B-8C20-BBD31C04869A}
	EndGlobalSection
EndGlobal
